
Microsoft Visual Studio Solution File, Format Version 12.00
# Visual Studio 15
VisualStudioVersion = 15.0.28010.2003
MinimumVisualStudioVersion = 10.0.40219.1
Project("{888888A0-9F3D-457C-B088-3A5042F75D52}") = "DjangoTutorial1", "DjangoTutorial1\DjangoTutorial1.pyproj", "{21D092BD-0280-4156-AEB4-B20AA728FD66}"
EndProject
Global
	GlobalSection(SolutionConfigurationPlatforms) = preSolution
		Debug|Any CPU = Debug|Any CPU
		Release|Any CPU = Release|Any CPU
	EndGlobalSection
	GlobalSection(ProjectConfigurationPlatforms) = postSolution
		{21D092BD-0280-4156-AEB4-B20AA728FD66}.Debug|Any CPU.ActiveCfg = Debug|Any CPU
		{21D092BD-0280-4156-AEB4-B20AA728FD66}.Debug|Any CPU.Build.0 = Debug|Any CPU
		{21D092BD-0280-4156-AEB4-B20AA728FD66}.Release|Any CPU.ActiveCfg = Release|Any CPU
		{21D092BD-0280-4156-AEB4-B20AA728FD66}.Release|Any CPU.Build.0 = Release|Any CPU
	EndGlobalSection
	GlobalSection(SolutionProperties) = preSolution
		HideSolutionNode = FALSE
	EndGlobalSection
	GlobalSection(ExtensibilityGlobals) = postSolution
		SolutionGuid = {DF2B96E2-B862-4079-AC5B-AF599295D3A4}
	EndGlobalSection
EndGlobal
